
Microsoft Visual Studio Solution File, Format Version 12.00
# Visual Studio Version 17
VisualStudioVersion = 17.5.33627.172
MinimumVisualStudioVersion = 10.0.40219.1
Project("{9A19103F-16F7-4668-BE54-9A1E7A4F7556}") = "WinFormsApp3", "WinFormsApp3\WinFormsApp3.csproj", "{BA51D34D-F4B1-49CA-981F-A7D8331E4E85}"
EndProject
Project("{FAE04EC0-301F-11D3-BF4B-00C04F79EFBC}") = "Services", "Services\Services.csproj", "{7B0818C4-52BD-49A2-A3AA-5738545F4ED8}"
EndProject
Global
	GlobalSection(SolutionConfigurationPlatforms) = preSolution
		Debug|Any CPU = Debug|Any CPU
		Release|Any CPU = Release|Any CPU
	EndGlobalSection
	GlobalSection(ProjectConfigurationPlatforms) = postSolution
		{BA51D34D-F4B1-49CA-981F-A7D8331E4E85}.Debug|Any CPU.ActiveCfg = Debug|Any CPU
		{BA51D34D-F4B1-49CA-981F-A7D8331E4E85}.Debug|Any CPU.Build.0 = Debug|Any CPU
		{BA51D34D-F4B1-49CA-981F-A7D8331E4E85}.Release|Any CPU.ActiveCfg = Release|Any CPU
		{BA51D34D-F4B1-49CA-981F-A7D8331E4E85}.Release|Any CPU.Build.0 = Release|Any CPU
		{7B0818C4-52BD-49A2-A3AA-5738545F4ED8}.Debug|Any CPU.ActiveCfg = Debug|Any CPU
		{7B0818C4-52BD-49A2-A3AA-5738545F4ED8}.Debug|Any CPU.Build.0 = Debug|Any CPU
		{7B0818C4-52BD-49A2-A3AA-5738545F4ED8}.Release|Any CPU.ActiveCfg = Release|Any CPU
		{7B0818C4-52BD-49A2-A3AA-5738545F4ED8}.Release|Any CPU.Build.0 = Release|Any CPU
	EndGlobalSection
	GlobalSection(SolutionProperties) = preSolution
		HideSolutionNode = FALSE
	EndGlobalSection
	GlobalSection(ExtensibilityGlobals) = postSolution
		SolutionGuid = {77A33C4A-1293-4DBC-9E28-F9D9CCA8F1B2}
	EndGlobalSection
EndGlobal
